
Microsoft Visual Studio Solution File, Format Version 12.00
Project("{FAE04EC0-301F-11D3-BF4B-00C04F79EFBC}") = "Movies.Api", "Movies.Api\Movies.Api.csproj", "{1CE749F3-B623-43B5-A084-98540D1417DB}"
EndProject
Project("{FAE04EC0-301F-11D3-BF4B-00C04F79EFBC}") = "Identity.Api", "Identity.Api\Identity.Api.csproj", "{2A8D3A2C-50D1-4867-805D-7CD616C85DA8}"
EndProject
Project("{FAE04EC0-301F-11D3-BF4B-00C04F79EFBC}") = "Contracts", "Contracts\Contracts.csproj", "{C2C89201-D93C-4E62-8E83-2F1CE54D1176}"
EndProject
Global
	GlobalSection(SolutionConfigurationPlatforms) = preSolution
		Debug|Any CPU = Debug|Any CPU
		Release|Any CPU = Release|Any CPU
	EndGlobalSection
	GlobalSection(ProjectConfigurationPlatforms) = postSolution
		{1CE749F3-B623-43B5-A084-98540D1417DB}.Debug|Any CPU.ActiveCfg = Debug|Any CPU
		{1CE749F3-B623-43B5-A084-98540D1417DB}.Debug|Any CPU.Build.0 = Debug|Any CPU
		{1CE749F3-B623-43B5-A084-98540D1417DB}.Release|Any CPU.ActiveCfg = Release|Any CPU
		{1CE749F3-B623-43B5-A084-98540D1417DB}.Release|Any CPU.Build.0 = Release|Any CPU
		{2A8D3A2C-50D1-4867-805D-7CD616C85DA8}.Debug|Any CPU.ActiveCfg = Debug|Any CPU
		{2A8D3A2C-50D1-4867-805D-7CD616C85DA8}.Debug|Any CPU.Build.0 = Debug|Any CPU
		{2A8D3A2C-50D1-4867-805D-7CD616C85DA8}.Release|Any CPU.ActiveCfg = Release|Any CPU
		{2A8D3A2C-50D1-4867-805D-7CD616C85DA8}.Release|Any CPU.Build.0 = Release|Any CPU
		{C2C89201-D93C-4E62-8E83-2F1CE54D1176}.Debug|Any CPU.ActiveCfg = Debug|Any CPU
		{C2C89201-D93C-4E62-8E83-2F1CE54D1176}.Debug|Any CPU.Build.0 = Debug|Any CPU
		{C2C89201-D93C-4E62-8E83-2F1CE54D1176}.Release|Any CPU.ActiveCfg = Release|Any CPU
		{C2C89201-D93C-4E62-8E83-2F1CE54D1176}.Release|Any CPU.Build.0 = Release|Any CPU
	EndGlobalSection
EndGlobal
